
Microsoft Visual Studio Solution File, Format Version 12.00
# Visual Studio 14
VisualStudioVersion = 14.0.22512.0
MinimumVisualStudioVersion = 10.0.40219.1
Project("{8BB2217D-0F2D-49D1-97BC-3654ED321F3B}") = "Hello", "src\Hello\Hello.kproj", "{F865DCE8-C986-4C2A-8F2F-64BFA15474FB}"
EndProject
Project("{2150E333-8FDC-42A3-9474-1A3956D46DE8}") = "Core", "Core", "{832EE318-C792-4460-AFF5-B582330C9D8D}"
EndProject
Project("{8BB2217D-0F2D-49D1-97BC-3654ED321F3B}") = "Middleware", "src\Middleware\Middleware.kproj", "{22E7C986-8FAD-492B-A96C-861FEB333E5F}"
EndProject
Project("{8BB2217D-0F2D-49D1-97BC-3654ED321F3B}") = "ConfigurationSources", "src\ConfigurationSources\ConfigurationSources.kproj", "{488264A7-A49A-4D5D-8196-8667BEDF0034}"
EndProject
Project("{2150E333-8FDC-42A3-9474-1A3956D46DE8}") = "Mvc", "Mvc", "{60389520-1387-4AEF-8584-D7F9FF62ECF0}"
EndProject
Project("{8BB2217D-0F2D-49D1-97BC-3654ED321F3B}") = "WebApiShimMvc", "src\WebApiShimMvc\WebApiShimMvc.kproj", "{3165C14B-929C-4FEB-BCDA-123C28A23E85}"
EndProject
Project("{8BB2217D-0F2D-49D1-97BC-3654ED321F3B}") = "MobelBindingMvc", "src\MobelBindingMvc\MobelBindingMvc.kproj", "{43F5C84C-4AEB-4550-9229-40E0D571C202}"
EndProject
Project("{8BB2217D-0F2D-49D1-97BC-3654ED321F3B}") = "HelloMvc", "src\HelloMvc\HelloMvc.kproj", "{69279FFF-E9BC-4171-B3F1-71D8BAD10536}"
EndProject
Global
	GlobalSection(SolutionConfigurationPlatforms) = preSolution
		Debug|Any CPU = Debug|Any CPU
		Release|Any CPU = Release|Any CPU
	EndGlobalSection
	GlobalSection(ProjectConfigurationPlatforms) = postSolution
		{F865DCE8-C986-4C2A-8F2F-64BFA15474FB}.Debug|Any CPU.ActiveCfg = Debug|Any CPU
		{F865DCE8-C986-4C2A-8F2F-64BFA15474FB}.Debug|Any CPU.Build.0 = Debug|Any CPU
		{F865DCE8-C986-4C2A-8F2F-64BFA15474FB}.Release|Any CPU.ActiveCfg = Release|Any CPU
		{F865DCE8-C986-4C2A-8F2F-64BFA15474FB}.Release|Any CPU.Build.0 = Release|Any CPU
		{22E7C986-8FAD-492B-A96C-861FEB333E5F}.Debug|Any CPU.ActiveCfg = Debug|Any CPU
		{22E7C986-8FAD-492B-A96C-861FEB333E5F}.Debug|Any CPU.Build.0 = Debug|Any CPU
		{22E7C986-8FAD-492B-A96C-861FEB333E5F}.Release|Any CPU.ActiveCfg = Release|Any CPU
		{22E7C986-8FAD-492B-A96C-861FEB333E5F}.Release|Any CPU.Build.0 = Release|Any CPU
		{488264A7-A49A-4D5D-8196-8667BEDF0034}.Debug|Any CPU.ActiveCfg = Debug|Any CPU
		{488264A7-A49A-4D5D-8196-8667BEDF0034}.Debug|Any CPU.Build.0 = Debug|Any CPU
		{488264A7-A49A-4D5D-8196-8667BEDF0034}.Release|Any CPU.ActiveCfg = Release|Any CPU
		{488264A7-A49A-4D5D-8196-8667BEDF0034}.Release|Any CPU.Build.0 = Release|Any CPU
		{3165C14B-929C-4FEB-BCDA-123C28A23E85}.Debug|Any CPU.ActiveCfg = Debug|Any CPU
		{3165C14B-929C-4FEB-BCDA-123C28A23E85}.Debug|Any CPU.Build.0 = Debug|Any CPU
		{3165C14B-929C-4FEB-BCDA-123C28A23E85}.Release|Any CPU.ActiveCfg = Release|Any CPU
		{3165C14B-929C-4FEB-BCDA-123C28A23E85}.Release|Any CPU.Build.0 = Release|Any CPU
		{43F5C84C-4AEB-4550-9229-40E0D571C202}.Debug|Any CPU.ActiveCfg = Debug|Any CPU
		{43F5C84C-4AEB-4550-9229-40E0D571C202}.Debug|Any CPU.Build.0 = Debug|Any CPU
		{43F5C84C-4AEB-4550-9229-40E0D571C202}.Release|Any CPU.ActiveCfg = Release|Any CPU
		{43F5C84C-4AEB-4550-9229-40E0D571C202}.Release|Any CPU.Build.0 = Release|Any CPU
		{69279FFF-E9BC-4171-B3F1-71D8BAD10536}.Debug|Any CPU.ActiveCfg = Debug|Any CPU
		{69279FFF-E9BC-4171-B3F1-71D8BAD10536}.Debug|Any CPU.Build.0 = Debug|Any CPU
		{69279FFF-E9BC-4171-B3F1-71D8BAD10536}.Release|Any CPU.ActiveCfg = Release|Any CPU
		{69279FFF-E9BC-4171-B3F1-71D8BAD10536}.Release|Any CPU.Build.0 = Release|Any CPU
	EndGlobalSection
	GlobalSection(SolutionProperties) = preSolution
		HideSolutionNode = FALSE
	EndGlobalSection
	GlobalSection(NestedProjects) = preSolution
		{F865DCE8-C986-4C2A-8F2F-64BFA15474FB} = {832EE318-C792-4460-AFF5-B582330C9D8D}
		{22E7C986-8FAD-492B-A96C-861FEB333E5F} = {832EE318-C792-4460-AFF5-B582330C9D8D}
		{488264A7-A49A-4D5D-8196-8667BEDF0034} = {832EE318-C792-4460-AFF5-B582330C9D8D}
		{3165C14B-929C-4FEB-BCDA-123C28A23E85} = {60389520-1387-4AEF-8584-D7F9FF62ECF0}
		{43F5C84C-4AEB-4550-9229-40E0D571C202} = {60389520-1387-4AEF-8584-D7F9FF62ECF0}
		{69279FFF-E9BC-4171-B3F1-71D8BAD10536} = {60389520-1387-4AEF-8584-D7F9FF62ECF0}
	EndGlobalSection
EndGlobal
